github.com/gorilla/mux v1.7.4 h1:VuZ8uybHlWmqV03+zRzdwKL4tUnIp1MAQtp1mIFE1bc=
github.com/gorilla/mux v1.7.4/go.mod h1:DVbg23sWSpFRCP0SfiEN6jmj59UnW/n46BH5rLB71So=
github.com/rafaelcn/jeolgyu v1.0.0 h1:VcA9KieFAGe8bMp8D1AxCJP1aPPo9AoOLq5rT52lwkg=
github.com/rafaelcn/jeolgyu v1.0.0/go.mod h1:O5Ngy0Ttx/JznVckj+/IJofpgCd2LA9UV5jpeIHV7cs=
